
Microsoft Visual Studio Solution File, Format Version 12.00
# Visual Studio 2012
Project("{8BC9CEB8-8B4A-11D0-8D11-00A0C91BC942}") = "驾驶员眼部立体匹配与三维重构", "驾驶员眼部立体匹配与三维重构\驾驶员眼部立体匹配与三维重构.vcxproj", "{DD9AF4D3-E332-4629-8058-A2B5719EEBA6}"
EndProject
Global
	GlobalSection(SolutionConfigurationPlatforms) = preSolution
		Debug|Win32 = Debug|Win32
		Release|Win32 = Release|Win32
	EndGlobalSection
	GlobalSection(ProjectConfigurationPlatforms) = postSolution
		{DD9AF4D3-E332-4629-8058-A2B5719EEBA6}.Debug|Win32.ActiveCfg = Debug|Win32
		{DD9AF4D3-E332-4629-8058-A2B5719EEBA6}.Debug|Win32.Build.0 = Debug|Win32
		{DD9AF4D3-E332-4629-8058-A2B5719EEBA6}.Release|Win32.ActiveCfg = Release|Win32
		{DD9AF4D3-E332-4629-8058-A2B5719EEBA6}.Release|Win32.Build.0 = Release|Win32
	EndGlobalSection
	GlobalSection(SolutionProperties) = preSolution
		HideSolutionNode = FALSE
	EndGlobalSection
EndGlobal
