
Microsoft Visual Studio Solution File, Format Version 12.00
# Visual Studio 2012
Project("{8BC9CEB8-8B4A-11D0-8D11-00A0C91BC942}") = "双目相机标定板图像采集", "双目相机标定板图像采集\双目相机标定板图像采集.vcxproj", "{8EED49FE-008F-46BD-8EFA-34BED4AE111C}"
EndProject
Global
	GlobalSection(SolutionConfigurationPlatforms) = preSolution
		Debug|Win32 = Debug|Win32
		Release|Win32 = Release|Win32
	EndGlobalSection
	GlobalSection(ProjectConfigurationPlatforms) = postSolution
		{8EED49FE-008F-46BD-8EFA-34BED4AE111C}.Debug|Win32.ActiveCfg = Debug|Win32
		{8EED49FE-008F-46BD-8EFA-34BED4AE111C}.Debug|Win32.Build.0 = Debug|Win32
		{8EED49FE-008F-46BD-8EFA-34BED4AE111C}.Release|Win32.ActiveCfg = Release|Win32
		{8EED49FE-008F-46BD-8EFA-34BED4AE111C}.Release|Win32.Build.0 = Release|Win32
	EndGlobalSection
	GlobalSection(SolutionProperties) = preSolution
		HideSolutionNode = FALSE
	EndGlobalSection
EndGlobal
